
Microsoft Visual Studio Solution File, Format Version 12.00
# Visual Studio Version 16
VisualStudioVersion = 16.0.29306.81
MinimumVisualStudioVersion = 10.0.40219.1
Project("{9A19103F-16F7-4668-BE54-9A1E7A4F7556}") = "SearchEngine", "SearchEngine\SearchEngine.csproj", "{D4F7E48D-B7E5-4C69-93D4-0F9236876AFD}"
EndProject
Project("{2150E333-8FDC-42A3-9474-1A3956D46DE8}") = "Solution Items", "Solution Items", "{B4EF1729-3C27-4A5E-96B9-D57BA2C457B8}"
EndProject
Global
	GlobalSection(SolutionConfigurationPlatforms) = preSolution
		Debug|Any CPU = Debug|Any CPU
		Release|Any CPU = Release|Any CPU
	EndGlobalSection
	GlobalSection(ProjectConfigurationPlatforms) = postSolution
		{D4F7E48D-B7E5-4C69-93D4-0F9236876AFD}.Debug|Any CPU.ActiveCfg = Debug|Any CPU
		{D4F7E48D-B7E5-4C69-93D4-0F9236876AFD}.Debug|Any CPU.Build.0 = Debug|Any CPU
		{D4F7E48D-B7E5-4C69-93D4-0F9236876AFD}.Release|Any CPU.ActiveCfg = Release|Any CPU
		{D4F7E48D-B7E5-4C69-93D4-0F9236876AFD}.Release|Any CPU.Build.0 = Release|Any CPU
	EndGlobalSection
	GlobalSection(SolutionProperties) = preSolution
		HideSolutionNode = FALSE
	EndGlobalSection
	GlobalSection(ExtensibilityGlobals) = postSolution
		SolutionGuid = {076DBE49-5364-40F5-BE5A-0A3AF2133767}
	EndGlobalSection
EndGlobal
